version = 1
revision = 3
requires-python = ">=3.12"

[[package]]
name = "wildcam"
version = "0.1.0"
source = { virtual = "." }
dependencies = [
    { name = "yt-dlp" },
]

[package.metadata]
requires-dist = [{ name = "yt-dlp", specifier = ">=2025.10.14" }]

[[package]]
name = "yt-dlp"
version = "2025.10.14"
source = { registry = "https://pypi.org/simple" }
sdist = { url = "https://files.pythonhosted.org/packages/03/b7/dab729345e22891e79294273bc59c5213a1ec87331f49cb82ccea2b1bc9f/yt_dlp-2025.10.14.tar.gz", hash = "sha256:b18436aa9bb6f04354fd78d31ad9eeaae8c81b6a859f07072b25c18cd6c25844", size = 3045272, upload-time = "2025-10-14T23:39:52.688Z" }
wheels = [
    { url = "https://files.pythonhosted.org/packages/b0/19/399c85d29bd7b366b31ede82698f7963374e5a3842ae9de0cde6514506b0/yt_dlp-2025.10.14-py3-none-any.whl", hash = "sha256:0b9da17eda1bbf48e2315130043d7993fd4ca1c5a35571f8231da1a910c9c115", size = 3248664, upload-time = "2025-10-14T23:39:49.95Z" },
]
